
Microsoft Visual Studio Solution File, Format Version 12.00
# Visual Studio Version 16
VisualStudioVersion = 16.0.30503.244
MinimumVisualStudioVersion = 10.0.40219.1
Project("{9A19103F-16F7-4668-BE54-9A1E7A4F7556}") = "Web.Service.Api", "Web.Service.Api\Web.Service.Api.csproj", "{8AFBF44B-6E25-4195-ACC0-D06F8791E142}"
EndProject
Project("{9A19103F-16F7-4668-BE54-9A1E7A4F7556}") = "ApiCore.Domain", "ApiCore.Domain\ApiCore.Domain.csproj", "{9A773BD9-03FE-499D-B147-0509A7A42DDE}"
EndProject
Global
	GlobalSection(SolutionConfigurationPlatforms) = preSolution
		Debug|Any CPU = Debug|Any CPU
		Release|Any CPU = Release|Any CPU
	EndGlobalSection
	GlobalSection(ProjectConfigurationPlatforms) = postSolution
		{8AFBF44B-6E25-4195-ACC0-D06F8791E142}.Debug|Any CPU.ActiveCfg = Debug|Any CPU
		{8AFBF44B-6E25-4195-ACC0-D06F8791E142}.Debug|Any CPU.Build.0 = Debug|Any CPU
		{8AFBF44B-6E25-4195-ACC0-D06F8791E142}.Release|Any CPU.ActiveCfg = Release|Any CPU
		{8AFBF44B-6E25-4195-ACC0-D06F8791E142}.Release|Any CPU.Build.0 = Release|Any CPU
		{9A773BD9-03FE-499D-B147-0509A7A42DDE}.Debug|Any CPU.ActiveCfg = Debug|Any CPU
		{9A773BD9-03FE-499D-B147-0509A7A42DDE}.Debug|Any CPU.Build.0 = Debug|Any CPU
		{9A773BD9-03FE-499D-B147-0509A7A42DDE}.Release|Any CPU.ActiveCfg = Release|Any CPU
		{9A773BD9-03FE-499D-B147-0509A7A42DDE}.Release|Any CPU.Build.0 = Release|Any CPU
	EndGlobalSection
	GlobalSection(SolutionProperties) = preSolution
		HideSolutionNode = FALSE
	EndGlobalSection
	GlobalSection(ExtensibilityGlobals) = postSolution
		SolutionGuid = {3E6F6A46-BF7E-4D55-B313-F46E300ED66C}
	EndGlobalSection
EndGlobal
